
Microsoft Visual Studio Solution File, Format Version 12.00
# Visual Studio Version 16
VisualStudioVersion = 16.0.30330.147
MinimumVisualStudioVersion = 10.0.40219.1
Project("{2150E333-8FDC-42A3-9474-1A3956D46DE8}") = "Microservices", "Microservices", "{CF624870-F787-46E5-A29E-F8DDF4DB640F}"
EndProject
Project("{2150E333-8FDC-42A3-9474-1A3956D46DE8}") = "Domain", "Domain", "{7595236C-0879-42AE-A1F3-A056417146C1}"
EndProject
Project("{2150E333-8FDC-42A3-9474-1A3956D46DE8}") = "infra.bus", "infra.bus", "{6F05FA6D-B340-4393-BA9E-B1C2F339DE99}"
EndProject
Project("{2150E333-8FDC-42A3-9474-1A3956D46DE8}") = "infra.ioc", "infra.ioc", "{6D98F581-A33F-476B-A034-912D83726BF4}"
EndProject
Project("{2150E333-8FDC-42A3-9474-1A3956D46DE8}") = "Presentation", "Presentation", "{5D38A4DD-2101-4FFF-BD15-F317156166F5}"
EndProject
Project("{FAE04EC0-301F-11D3-BF4B-00C04F79EFBC}") = "Microservice.domain.core", "Microservice.domain.core\Microservice.domain.core.csproj", "{CED42608-4538-4820-94E5-4DA8BBF029C6}"
EndProject
Project("{FAE04EC0-301F-11D3-BF4B-00C04F79EFBC}") = "Microservices.infra.bus", "Microservices.infra.bus\Microservices.infra.bus.csproj", "{B29ACFFD-4175-435E-886F-6433CC296753}"
EndProject
Project("{FAE04EC0-301F-11D3-BF4B-00C04F79EFBC}") = "microservices.ioc", "microservices.ioc\microservices.ioc.csproj", "{2FFDEC7E-CC36-466C-836A-756853FDC7B1}"
EndProject
Global
	GlobalSection(SolutionConfigurationPlatforms) = preSolution
		Debug|Any CPU = Debug|Any CPU
		Release|Any CPU = Release|Any CPU
	EndGlobalSection
	GlobalSection(ProjectConfigurationPlatforms) = postSolution
		{CED42608-4538-4820-94E5-4DA8BBF029C6}.Debug|Any CPU.ActiveCfg = Debug|Any CPU
		{CED42608-4538-4820-94E5-4DA8BBF029C6}.Debug|Any CPU.Build.0 = Debug|Any CPU
		{CED42608-4538-4820-94E5-4DA8BBF029C6}.Release|Any CPU.ActiveCfg = Release|Any CPU
		{CED42608-4538-4820-94E5-4DA8BBF029C6}.Release|Any CPU.Build.0 = Release|Any CPU
		{B29ACFFD-4175-435E-886F-6433CC296753}.Debug|Any CPU.ActiveCfg = Debug|Any CPU
		{B29ACFFD-4175-435E-886F-6433CC296753}.Debug|Any CPU.Build.0 = Debug|Any CPU
		{B29ACFFD-4175-435E-886F-6433CC296753}.Release|Any CPU.ActiveCfg = Release|Any CPU
		{B29ACFFD-4175-435E-886F-6433CC296753}.Release|Any CPU.Build.0 = Release|Any CPU
		{2FFDEC7E-CC36-466C-836A-756853FDC7B1}.Debug|Any CPU.ActiveCfg = Debug|Any CPU
		{2FFDEC7E-CC36-466C-836A-756853FDC7B1}.Debug|Any CPU.Build.0 = Debug|Any CPU
		{2FFDEC7E-CC36-466C-836A-756853FDC7B1}.Release|Any CPU.ActiveCfg = Release|Any CPU
		{2FFDEC7E-CC36-466C-836A-756853FDC7B1}.Release|Any CPU.Build.0 = Release|Any CPU
	EndGlobalSection
	GlobalSection(SolutionProperties) = preSolution
		HideSolutionNode = FALSE
	EndGlobalSection
	GlobalSection(NestedProjects) = preSolution
		{CED42608-4538-4820-94E5-4DA8BBF029C6} = {7595236C-0879-42AE-A1F3-A056417146C1}
		{B29ACFFD-4175-435E-886F-6433CC296753} = {6F05FA6D-B340-4393-BA9E-B1C2F339DE99}
		{2FFDEC7E-CC36-466C-836A-756853FDC7B1} = {6D98F581-A33F-476B-A034-912D83726BF4}
	EndGlobalSection
	GlobalSection(ExtensibilityGlobals) = postSolution
		SolutionGuid = {00F7A809-7879-46B7-9B99-0000CEFA6488}
	EndGlobalSection
EndGlobal
